// !$*UTF8*$!
{
	archiveVersion = 1;
	classes = {
	};
	objectVersion = 46;
	objects = {

/* Begin PBXBuildFile section */
		304756181EEEC3AF000E891E /* AppDelegate.swift in Sources */ = {isa = PBXBuildFile; fileRef = 304756171EEEC3AF000E891E /* AppDelegate.swift */; };
		3047561A1EEEC3AF000E891E /* ViewController.swift in Sources */ = {isa = PBXBuildFile; fileRef = 304756191EEEC3AF000E891E /* ViewController.swift */; };
		3047561D1EEEC3AF000E891E /* Main.storyboard in Resources */ = {isa = PBXBuildFile; fileRef = 3047561B1EEEC3AF000E891E /* Main.storyboard */; };
		3047561F1EEEC3AF000E891E /* Assets.xcassets in Resources */ = {isa = PBXBuildFile; fileRef = 3047561E1EEEC3AF000E891E /* Assets.xcassets */; };
		304756221EEEC3AF000E891E /* LaunchScreen.storyboard in Resources */ = {isa = PBXBuildFile; fileRef = 304756201EEEC3AF000E891E /* LaunchScreen.storyboard */; };
		3047562B1EEEE0DD000E891E /* level1.txt in Resources */ = {isa = PBXBuildFile; fileRef = 304756291EEEE0DD000E891E /* level1.txt */; };
		3047562C1EEEE0DD000E891E /* level2.txt in Resources */ = {isa = PBXBuildFile; fileRef = 3047562A1EEEE0DD000E891E /* level2.txt */; };
/* End PBXBuildFile section */

/* Begin PBXFileReference section */
		304756141EEEC3AF000E891E /* Project8.app */ = {isa = PBXFileReference; explicitFileType = wrapper.application; includeInIndex = 0; path = Project8.app; sourceTree = BUILT_PRODUCTS_DIR; };
		304756171EEEC3AF000E891E /* AppDelegate.swift */ = {isa = PBXFileReference; lastKnownFileType = sourcecode.swift; path = AppDelegate.swift; sourceTree = "<group>"; };
		304756191EEEC3AF000E891E /* ViewController.swift */ = {isa = PBXFileReference; lastKnownFileType = sourcecode.swift; path = ViewController.swift; sourceTree = "<group>"; };
		3047561C1EEEC3AF000E891E /* Base */ = {isa = PBXFileReference; lastKnownFileType = file.storyboard; name = Base; path = Base.lproj/Main.storyboard; sourceTree = "<group>"; };
		3047561E1EEEC3AF000E891E /* Assets.xcassets */ = {isa = PBXFileReference; lastKnownFileType = folder.assetcatalog; path = Assets.xcassets; sourceTree = "<group>"; };
		304756211EEEC3AF000E891E /* Base */ = {isa = PBXFileReference; lastKnownFileType = file.storyboard; name = Base; path = Base.lproj/LaunchScreen.storyboard; sourceTree = "<group>"; };
		304756231EEEC3AF000E891E /* Info.plist */ = {isa = PBXFileReference; lastKnownFileType = text.plist.xml; path = Info.plist; sourceTree = "<group>"; };
		304756291EEEE0DD000E891E /* level1.txt */ = {isa = PBXFileReference; fileEncoding = 4; lastKnownFileType = text; path = level1.txt; sourceTree = "<group>"; };
		3047562A1EEEE0DD000E891E /* level2.txt */ = {isa = PBXFileReference; fileEncoding = 4; lastKnownFileType = text; path = level2.txt; sourceTree = "<group>"; };
/* End PBXFileReference section */

/* Begin PBXFrameworksBuildPhase section */
		304756111EEEC3AF000E891E /* Frameworks */ = {
			isa = PBXFrameworksBuildPhase;
			buildActionMask = 2147483647;
			files = (
			);
			runOnlyForDeploymentPostprocessing = 0;
		};
/* End PBXFrameworksBuildPhase section */

/* Begin PBXGroup section */
		3047560B1EEEC3AF000E891E = {
			isa = PBXGroup;
			children = (
				304756161EEEC3AF000E891E /* Project8 */,
				304756151EEEC3AF000E891E /* Products */,
			);
			sourceTree = "<group>";
		};
		304756151EEEC3AF000E891E /* Products */ = {
			isa = PBXGroup;
			children = (
				304756141EEEC3AF000E891E /* Project8.app */,
			);
			name = Products;
			sourceTree = "<group>";
		};
		304756161EEEC3AF000E891E /* Project8 */ = {
			isa = PBXGroup;
			children = (
				304756171EEEC3AF000E891E /* AppDelegate.swift */,
				304756191EEEC3AF000E891E /* ViewController.swift */,
				3047561B1EEEC3AF000E891E /* Main.storyboard */,
				3047561E1EEEC3AF000E891E /* Assets.xcassets */,
				304756201EEEC3AF000E891E /* LaunchScreen.storyboard */,
				304756231EEEC3AF000E891E /* Info.plist */,
				304756291EEEE0DD000E891E /* level1.txt */,
				3047562A1EEEE0DD000E891E /* level2.txt */,
			);
			path = Project8;
			sourceTree = "<group>";
		};
/* End PBXGroup section */

/* Begin PBXNativeTarget section */
		304756131EEEC3AF000E891E /* Project8 */ = {
			isa = PBXNativeTarget;
			buildConfigurationList = 304756261EEEC3AF000E891E /* Build configuration list for PBXNativeTarget "Project8" */;
			buildPhases = (
				304756101EEEC3AF000E891E /* Sources */,
				304756111EEEC3AF000E891E /* Frameworks */,
				304756121EEEC3AF000E891E /* Resources */,
			);
			buildRules = (
			);
			dependencies = (
			);
			name = Project8;
			productName = Project8;
			productReference = 304756141EEEC3AF000E891E /* Project8.app */;
			productType = "com.apple.product-type.application";
		};
/* End PBXNativeTarget section */

/* Begin PBXProject section */
		3047560C1EEEC3AF000E891E /* Project object */ = {
			isa = PBXProject;
			attributes = {
				LastSwiftUpdateCheck = 0830;
				LastUpgradeCheck = 0830;
				ORGANIZATIONNAME = Dano;
				TargetAttributes = {
					304756131EEEC3AF000E891E = {
						CreatedOnToolsVersion = 8.3.3;
						DevelopmentTeam = 32ZD45GV9N;
						ProvisioningStyle = Automatic;
					};
				};
			};
			buildConfigurationList = 3047560F1EEEC3AF000E891E /* Build configuration list for PBXProject "Project8" */;
			compatibilityVersion = "Xcode 3.2";
			developmentRegion = English;
			hasScannedForEncodings = 0;
			knownRegions = (
				en,
				Base,
			);
			mainGroup = 3047560B1EEEC3AF000E891E;
			productRefGroup = 304756151EEEC3AF000E891E /* Products */;
			projectDirPath = "";
			projectRoot = "";
			targets = (
				304756131EEEC3AF000E891E /* Project8 */,
			);
		};
/* End PBXProject section */

/* Begin PBXResourcesBuildPhase section */
		304756121EEEC3AF000E891E /* Resources */ = {
			isa = PBXResourcesBuildPhase;
			buildActionMask = 2147483647;
			files = (
				3047562C1EEEE0DD000E891E /* level2.txt in Resources */,
				304756221EEEC3AF000E891E /* LaunchScreen.storyboard in Resources */,
				3047562B1EEEE0DD000E891E /* level1.txt in Resources */,
				3047561F1EEEC3AF000E891E /* Assets.xcassets in Resources */,
				3047561D1EEEC3AF000E891E /* Main.storyboard in Resources */,
			);
			runOnlyForDeploymentPostprocessing = 0;
		};
/* End PBXResourcesBuildPhase section */

/* Begin PBXSourcesBuildPhase section */
		304756101EEEC3AF000E891E /* Sources */ = {
			isa = PBXSourcesBuildPhase;
			buildActionMask = 2147483647;
			files = (
				3047561A1EEEC3AF000E891E /* ViewController.swift in Sources */,
				304756181EEEC3AF000E891E /* AppDelegate.swift in Sources */,
			);
			runOnlyForDeploymentPostprocessing = 0;
		};
/* End PBXSourcesBuildPhase section */

/* Begin PBXVariantGroup section */
		3047561B1EEEC3AF000E891E /* Main.storyboard */ = {
			isa = PBXVariantGroup;
			children = (
				3047561C1EEEC3AF000E891E /* Base */,
			);
			name = Main.storyboard;
			sourceTree = "<group>";
		};
		304756201EEEC3AF000E891E /* LaunchScreen.storyboard */ = {
			isa = PBXVariantGroup;
			children = (
				304756211EEEC3AF000E891E /* Base */,
			);
			name = LaunchScreen.storyboard;
			sourceTree = "<group>";
		};
/* End PBXVariantGroup section */

/* Begin XCBuildConfiguration section */
		304756241EEEC3AF000E891E /* Debug */ = {
			isa = XCBuildConfiguration;
			buildSettings = {
				ALWAYS_SEARCH_USER_PATHS = NO;
				CLANG_ANALYZER_NONNULL = YES;
				CLANG_ANALYZER_NUMBER_OBJECT_CONVERSION = YES_AGGRESSIVE;
				CLANG_CXX_LANGUAGE_STANDARD = "gnu++0x";
				CLANG_CXX_LIBRARY = "libc++";
				CLANG_ENABLE_MODULES = YES;
				CLANG_ENABLE_OBJC_ARC = YES;
				CLANG_WARN_BOOL_CONVERSION = YES;
				CLANG_WARN_CONSTANT_CONVERSION = YES;
				CLANG_WARN_DIRECT_OBJC_ISA_USAGE = YES_ERROR;
				CLANG_WARN_DOCUMENTATION_COMMENTS = YES;
				CLANG_WARN_EMPTY_BODY = YES;
				CLANG_WARN_ENUM_CONVERSION = YES;
				CLANG_WARN_INFINITE_RECURSION = YES;
				CLANG_WARN_INT_CONVERSION = YES;
				CLANG_WARN_OBJC_ROOT_CLASS = YES_ERROR;
				CLANG_WARN_SUSPICIOUS_MOVE = YES;
				CLANG_WARN_UNREACHABLE_CODE = YES;
				CLANG_WARN__DUPLICATE_METHOD_MATCH = YES;
				"CODE_SIGN_IDENTITY[sdk=iphoneos*]" = "iPhone Developer";
				COPY_PHASE_STRIP = NO;
				DEBUG_INFORMATION_FORMAT = dwarf;
				ENABLE_STRICT_OBJC_MSGSEND = YES;
				ENABLE_TESTABILITY = YES;
				GCC_C_LANGUAGE_STANDARD = gnu99;
				GCC_DYNAMIC_NO_PIC = NO;
				GCC_NO_COMMON_BLOCKS = YES;
				GCC_OPTIMIZATION_LEVEL = 0;
				GCC_PREPROCESSOR_DEFINITIONS = (
					"DEBUG=1",
					"$(inherited)",
				);
				GCC_WARN_64_TO_32_BIT_CONVERSION = YES;
				GCC_WARN_ABOUT_RETURN_TYPE = YES_ERROR;
				GCC_WARN_UNDECLARED_SELECTOR = YES;
				GCC_WARN_UNINITIALIZED_AUTOS = YES_AGGRESSIVE;
				GCC_WARN_UNUSED_FUNCTION = YES;
				GCC_WARN_UNUSED_VARIABLE = YES;
				IPHONEOS_DEPLOYMENT_TARGET = 10.3;
				MTL_ENABLE_DEBUG_INFO = YES;
				ONLY_ACTIVE_ARCH = YES;
				SDKROOT = iphoneos;
				SWIFT_ACTIVE_COMPILATION_CONDITIONS = DEBUG;
				SWIFT_OPTIMIZATION_LEVEL = "-Onone";
				TARGETED_DEVICE_FAMILY = 2;
			};
			name = Debug;
		};
		304756251EEEC3AF000E891E /* Release */ = {
			isa = XCBuildConfiguration;
			buildSettings = {
				ALWAYS_SEARCH_USER_PATHS = NO;
				CLANG_ANALYZER_NONNULL = YES;
				CLANG_ANALYZER_NUMBER_OBJECT_CONVERSION = YES_AGGRESSIVE;
				CLANG_CXX_LANGUAGE_STANDARD = "gnu++0x";
				CLANG_CXX_LIBRARY = "libc++";
				CLANG_ENABLE_MODULES = YES;
				CLANG_ENABLE_OBJC_ARC = YES;
				CLANG_WARN_BOOL_CONVERSION = YES;
				CLANG_WARN_CONSTANT_CONVERSION = YES;
				CLANG_WARN_DIRECT_OBJC_ISA_USAGE = YES_ERROR;
				CLANG_WARN_DOCUMENTATION_COMMENTS = YES;
				CLANG_WARN_EMPTY_BODY = YES;
				CLANG_WARN_ENUM_CONVERSION = YES;
				CLANG_WARN_INFINITE_RECURSION = YES;
				CLANG_WARN_INT_CONVERSION = YES;
				CLANG_WARN_OBJC_ROOT_CLASS = YES_ERROR;
				CLANG_WARN_SUSPICIOUS_MOVE = YES;
				CLANG_WARN_UNREACHABLE_CODE = YES;
				CLANG_WARN__DUPLICATE_METHOD_MATCH = YES;
				"CODE_SIGN_IDENTITY[sdk=iphoneos*]" = "iPhone Developer";
				COPY_PHASE_STRIP = NO;
				DEBUG_INFORMATION_FORMAT = "dwarf-with-dsym";
				ENABLE_NS_ASSERTIONS = NO;
				ENABLE_STRICT_OBJC_MSGSEND = YES;
				GCC_C_LANGUAGE_STANDARD = gnu99;
				GCC_NO_COMMON_BLOCKS = YES;
				GCC_WARN_64_TO_32_BIT_CONVERSION = YES;
				GCC_WARN_ABOUT_RETURN_TYPE = YES_ERROR;
				GCC_WARN_UNDECLARED_SELECTOR = YES;
				GCC_WARN_UNINITIALIZED_AUTOS = YES_AGGRESSIVE;
				GCC_WARN_UNUSED_FUNCTION = YES;
				GCC_WARN_UNUSED_VARIABLE = YES;
				IPHONEOS_DEPLOYMENT_TARGET = 10.3;
				MTL_ENABLE_DEBUG_INFO = NO;
				SDKROOT = iphoneos;
				SWIFT_OPTIMIZATION_LEVEL = "-Owholemodule";
				TARGETED_DEVICE_FAMILY = 2;
				VALIDATE_PRODUCT = YES;
			};
			name = Release;
		};
		304756271EEEC3AF000E891E /* Debug */ = {
			isa = XCBuildConfiguration;
			buildSettings = {
				ASSETCATALOG_COMPILER_APPICON_NAME = AppIcon;
				DEVELOPMENT_TEAM = 32ZD45GV9N;
				INFOPLIST_FILE = Project8/Info.plist;
				LD_RUNPATH_SEARCH_PATHS = "$(inherited) @executable_path/Frameworks";
				PRODUCT_BUNDLE_IDENTIFIER = es.dano.Project8;
				PRODUCT_NAME = "$(TARGET_NAME)";
				SWIFT_VERSION = 3.0;
			};
			name = Debug;
		};
		304756281EEEC3AF000E891E /* Release */ = {
			isa = XCBuildConfiguration;
			buildSettings = {
				ASSETCATALOG_COMPILER_APPICON_NAME = AppIcon;
				DEVELOPMENT_TEAM = 32ZD45GV9N;
				INFOPLIST_FILE = Project8/Info.plist;
				LD_RUNPATH_SEARCH_PATHS = "$(inherited) @executable_path/Frameworks";
				PRODUCT_BUNDLE_IDENTIFIER = es.dano.Project8;
				PRODUCT_NAME = "$(TARGET_NAME)";
				SWIFT_VERSION = 3.0;
			};
			name = Release;
		};
/* End XCBuildConfiguration section */

/* Begin XCConfigurationList section */
		3047560F1EEEC3AF000E891E /* Build configuration list for PBXProject "Project8" */ = {
			isa = XCConfigurationList;
			buildConfigurations = (
				304756241EEEC3AF000E891E /* Debug */,
				304756251EEEC3AF000E891E /* Release */,
			);
			defaultConfigurationIsVisible = 0;
			defaultConfigurationName = Release;
		};
		304756261EEEC3AF000E891E /* Build configuration list for PBXNativeTarget "Project8" */ = {
			isa = XCConfigurationList;
			buildConfigurations = (
				304756271EEEC3AF000E891E /* Debug */,
				304756281EEEC3AF000E891E /* Release */,
			);
			defaultConfigurationIsVisible = 0;
		};
/* End XCConfigurationList section */
	};
	rootObject = 3047560C1EEEC3AF000E891E /* Project object */;
}
