// !$*UTF8*$!
{
	archiveVersion = 1;
	classes = {
	};
	objectVersion = 46;
	objects = {

/* Begin PBXBuildFile section */
		3047563A1EEFDFE7000E891E /* AppDelegate.swift in Sources */ = {isa = PBXBuildFile; fileRef = 304756391EEFDFE7000E891E /* AppDelegate.swift */; };
		3047563C1EEFDFE7000E891E /* ViewController.swift in Sources */ = {isa = PBXBuildFile; fileRef = 3047563B1EEFDFE7000E891E /* ViewController.swift */; };
		3047563F1EEFDFE7000E891E /* Main.storyboard in Resources */ = {isa = PBXBuildFile; fileRef = 3047563D1EEFDFE7000E891E /* Main.storyboard */; };
		304756411EEFDFE7000E891E /* Assets.xcassets in Resources */ = {isa = PBXBuildFile; fileRef = 304756401EEFDFE7000E891E /* Assets.xcassets */; };
		304756441EEFDFE7000E891E /* LaunchScreen.storyboard in Resources */ = {isa = PBXBuildFile; fileRef = 304756421EEFDFE7000E891E /* LaunchScreen.storyboard */; };
		3047564C1EEFF0A1000E891E /* PersonCell.swift in Sources */ = {isa = PBXBuildFile; fileRef = 3047564B1EEFF0A1000E891E /* PersonCell.swift */; };
		30A64AE61EF11D0C0034878B /* Person.swift in Sources */ = {isa = PBXBuildFile; fileRef = 30A64AE51EF11D0C0034878B /* Person.swift */; };
/* End PBXBuildFile section */

/* Begin PBXFileReference section */
		304756361EEFDFE7000E891E /* Project10.app */ = {isa = PBXFileReference; explicitFileType = wrapper.application; includeInIndex = 0; path = Project10.app; sourceTree = BUILT_PRODUCTS_DIR; };
		304756391EEFDFE7000E891E /* AppDelegate.swift */ = {isa = PBXFileReference; lastKnownFileType = sourcecode.swift; path = AppDelegate.swift; sourceTree = "<group>"; };
		3047563B1EEFDFE7000E891E /* ViewController.swift */ = {isa = PBXFileReference; lastKnownFileType = sourcecode.swift; path = ViewController.swift; sourceTree = "<group>"; };
		3047563E1EEFDFE7000E891E /* Base */ = {isa = PBXFileReference; lastKnownFileType = file.storyboard; name = Base; path = Base.lproj/Main.storyboard; sourceTree = "<group>"; };
		304756401EEFDFE7000E891E /* Assets.xcassets */ = {isa = PBXFileReference; lastKnownFileType = folder.assetcatalog; path = Assets.xcassets; sourceTree = "<group>"; };
		304756431EEFDFE7000E891E /* Base */ = {isa = PBXFileReference; lastKnownFileType = file.storyboard; name = Base; path = Base.lproj/LaunchScreen.storyboard; sourceTree = "<group>"; };
		304756451EEFDFE7000E891E /* Info.plist */ = {isa = PBXFileReference; lastKnownFileType = text.plist.xml; path = Info.plist; sourceTree = "<group>"; };
		3047564B1EEFF0A1000E891E /* PersonCell.swift */ = {isa = PBXFileReference; fileEncoding = 4; lastKnownFileType = sourcecode.swift; path = PersonCell.swift; sourceTree = "<group>"; };
		30A64AE51EF11D0C0034878B /* Person.swift */ = {isa = PBXFileReference; fileEncoding = 4; lastKnownFileType = sourcecode.swift; path = Person.swift; sourceTree = "<group>"; };
/* End PBXFileReference section */

/* Begin PBXFrameworksBuildPhase section */
		304756331EEFDFE7000E891E /* Frameworks */ = {
			isa = PBXFrameworksBuildPhase;
			buildActionMask = 2147483647;
			files = (
			);
			runOnlyForDeploymentPostprocessing = 0;
		};
/* End PBXFrameworksBuildPhase section */

/* Begin PBXGroup section */
		3047562D1EEFDFE7000E891E = {
			isa = PBXGroup;
			children = (
				304756381EEFDFE7000E891E /* Project10 */,
				304756371EEFDFE7000E891E /* Products */,
			);
			sourceTree = "<group>";
		};
		304756371EEFDFE7000E891E /* Products */ = {
			isa = PBXGroup;
			children = (
				304756361EEFDFE7000E891E /* Project10.app */,
			);
			name = Products;
			sourceTree = "<group>";
		};
		304756381EEFDFE7000E891E /* Project10 */ = {
			isa = PBXGroup;
			children = (
				304756391EEFDFE7000E891E /* AppDelegate.swift */,
				3047563B1EEFDFE7000E891E /* ViewController.swift */,
				30A64AE51EF11D0C0034878B /* Person.swift */,
				3047563D1EEFDFE7000E891E /* Main.storyboard */,
				3047564B1EEFF0A1000E891E /* PersonCell.swift */,
				304756401EEFDFE7000E891E /* Assets.xcassets */,
				304756421EEFDFE7000E891E /* LaunchScreen.storyboard */,
				304756451EEFDFE7000E891E /* Info.plist */,
			);
			path = Project10;
			sourceTree = "<group>";
		};
/* End PBXGroup section */

/* Begin PBXNativeTarget section */
		304756351EEFDFE7000E891E /* Project10 */ = {
			isa = PBXNativeTarget;
			buildConfigurationList = 304756481EEFDFE7000E891E /* Build configuration list for PBXNativeTarget "Project10" */;
			buildPhases = (
				304756321EEFDFE7000E891E /* Sources */,
				304756331EEFDFE7000E891E /* Frameworks */,
				304756341EEFDFE7000E891E /* Resources */,
			);
			buildRules = (
			);
			dependencies = (
			);
			name = Project10;
			productName = Project10;
			productReference = 304756361EEFDFE7000E891E /* Project10.app */;
			productType = "com.apple.product-type.application";
		};
/* End PBXNativeTarget section */

/* Begin PBXProject section */
		3047562E1EEFDFE7000E891E /* Project object */ = {
			isa = PBXProject;
			attributes = {
				LastSwiftUpdateCheck = 0830;
				LastUpgradeCheck = 0830;
				ORGANIZATIONNAME = Dano;
				TargetAttributes = {
					304756351EEFDFE7000E891E = {
						CreatedOnToolsVersion = 8.3.3;
						DevelopmentTeam = 32ZD45GV9N;
						ProvisioningStyle = Automatic;
					};
				};
			};
			buildConfigurationList = 304756311EEFDFE7000E891E /* Build configuration list for PBXProject "Project10" */;
			compatibilityVersion = "Xcode 3.2";
			developmentRegion = English;
			hasScannedForEncodings = 0;
			knownRegions = (
				en,
				Base,
			);
			mainGroup = 3047562D1EEFDFE7000E891E;
			productRefGroup = 304756371EEFDFE7000E891E /* Products */;
			projectDirPath = "";
			projectRoot = "";
			targets = (
				304756351EEFDFE7000E891E /* Project10 */,
			);
		};
/* End PBXProject section */

/* Begin PBXResourcesBuildPhase section */
		304756341EEFDFE7000E891E /* Resources */ = {
			isa = PBXResourcesBuildPhase;
			buildActionMask = 2147483647;
			files = (
				304756441EEFDFE7000E891E /* LaunchScreen.storyboard in Resources */,
				304756411EEFDFE7000E891E /* Assets.xcassets in Resources */,
				3047563F1EEFDFE7000E891E /* Main.storyboard in Resources */,
			);
			runOnlyForDeploymentPostprocessing = 0;
		};
/* End PBXResourcesBuildPhase section */

/* Begin PBXSourcesBuildPhase section */
		304756321EEFDFE7000E891E /* Sources */ = {
			isa = PBXSourcesBuildPhase;
			buildActionMask = 2147483647;
			files = (
				3047564C1EEFF0A1000E891E /* PersonCell.swift in Sources */,
				3047563C1EEFDFE7000E891E /* ViewController.swift in Sources */,
				30A64AE61EF11D0C0034878B /* Person.swift in Sources */,
				3047563A1EEFDFE7000E891E /* AppDelegate.swift in Sources */,
			);
			runOnlyForDeploymentPostprocessing = 0;
		};
/* End PBXSourcesBuildPhase section */

/* Begin PBXVariantGroup section */
		3047563D1EEFDFE7000E891E /* Main.storyboard */ = {
			isa = PBXVariantGroup;
			children = (
				3047563E1EEFDFE7000E891E /* Base */,
			);
			name = Main.storyboard;
			sourceTree = "<group>";
		};
		304756421EEFDFE7000E891E /* LaunchScreen.storyboard */ = {
			isa = PBXVariantGroup;
			children = (
				304756431EEFDFE7000E891E /* Base */,
			);
			name = LaunchScreen.storyboard;
			sourceTree = "<group>";
		};
/* End PBXVariantGroup section */

/* Begin XCBuildConfiguration section */
		304756461EEFDFE7000E891E /* Debug */ = {
			isa = XCBuildConfiguration;
			buildSettings = {
				ALWAYS_SEARCH_USER_PATHS = NO;
				CLANG_ANALYZER_NONNULL = YES;
				CLANG_ANALYZER_NUMBER_OBJECT_CONVERSION = YES_AGGRESSIVE;
				CLANG_CXX_LANGUAGE_STANDARD = "gnu++0x";
				CLANG_CXX_LIBRARY = "libc++";
				CLANG_ENABLE_MODULES = YES;
				CLANG_ENABLE_OBJC_ARC = YES;
				CLANG_WARN_BOOL_CONVERSION = YES;
				CLANG_WARN_CONSTANT_CONVERSION = YES;
				CLANG_WARN_DIRECT_OBJC_ISA_USAGE = YES_ERROR;
				CLANG_WARN_DOCUMENTATION_COMMENTS = YES;
				CLANG_WARN_EMPTY_BODY = YES;
				CLANG_WARN_ENUM_CONVERSION = YES;
				CLANG_WARN_INFINITE_RECURSION = YES;
				CLANG_WARN_INT_CONVERSION = YES;
				CLANG_WARN_OBJC_ROOT_CLASS = YES_ERROR;
				CLANG_WARN_SUSPICIOUS_MOVE = YES;
				CLANG_WARN_UNREACHABLE_CODE = YES;
				CLANG_WARN__DUPLICATE_METHOD_MATCH = YES;
				"CODE_SIGN_IDENTITY[sdk=iphoneos*]" = "iPhone Developer";
				COPY_PHASE_STRIP = NO;
				DEBUG_INFORMATION_FORMAT = dwarf;
				ENABLE_STRICT_OBJC_MSGSEND = YES;
				ENABLE_TESTABILITY = YES;
				GCC_C_LANGUAGE_STANDARD = gnu99;
				GCC_DYNAMIC_NO_PIC = NO;
				GCC_NO_COMMON_BLOCKS = YES;
				GCC_OPTIMIZATION_LEVEL = 0;
				GCC_PREPROCESSOR_DEFINITIONS = (
					"DEBUG=1",
					"$(inherited)",
				);
				GCC_WARN_64_TO_32_BIT_CONVERSION = YES;
				GCC_WARN_ABOUT_RETURN_TYPE = YES_ERROR;
				GCC_WARN_UNDECLARED_SELECTOR = YES;
				GCC_WARN_UNINITIALIZED_AUTOS = YES_AGGRESSIVE;
				GCC_WARN_UNUSED_FUNCTION = YES;
				GCC_WARN_UNUSED_VARIABLE = YES;
				IPHONEOS_DEPLOYMENT_TARGET = 10.3;
				MTL_ENABLE_DEBUG_INFO = YES;
				ONLY_ACTIVE_ARCH = YES;
				SDKROOT = iphoneos;
				SWIFT_ACTIVE_COMPILATION_CONDITIONS = DEBUG;
				SWIFT_OPTIMIZATION_LEVEL = "-Onone";
			};
			name = Debug;
		};
		304756471EEFDFE7000E891E /* Release */ = {
			isa = XCBuildConfiguration;
			buildSettings = {
				ALWAYS_SEARCH_USER_PATHS = NO;
				CLANG_ANALYZER_NONNULL = YES;
				CLANG_ANALYZER_NUMBER_OBJECT_CONVERSION = YES_AGGRESSIVE;
				CLANG_CXX_LANGUAGE_STANDARD = "gnu++0x";
				CLANG_CXX_LIBRARY = "libc++";
				CLANG_ENABLE_MODULES = YES;
				CLANG_ENABLE_OBJC_ARC = YES;
				CLANG_WARN_BOOL_CONVERSION = YES;
				CLANG_WARN_CONSTANT_CONVERSION = YES;
				CLANG_WARN_DIRECT_OBJC_ISA_USAGE = YES_ERROR;
				CLANG_WARN_DOCUMENTATION_COMMENTS = YES;
				CLANG_WARN_EMPTY_BODY = YES;
				CLANG_WARN_ENUM_CONVERSION = YES;
				CLANG_WARN_INFINITE_RECURSION = YES;
				CLANG_WARN_INT_CONVERSION = YES;
				CLANG_WARN_OBJC_ROOT_CLASS = YES_ERROR;
				CLANG_WARN_SUSPICIOUS_MOVE = YES;
				CLANG_WARN_UNREACHABLE_CODE = YES;
				CLANG_WARN__DUPLICATE_METHOD_MATCH = YES;
				"CODE_SIGN_IDENTITY[sdk=iphoneos*]" = "iPhone Developer";
				COPY_PHASE_STRIP = NO;
				DEBUG_INFORMATION_FORMAT = "dwarf-with-dsym";
				ENABLE_NS_ASSERTIONS = NO;
				ENABLE_STRICT_OBJC_MSGSEND = YES;
				GCC_C_LANGUAGE_STANDARD = gnu99;
				GCC_NO_COMMON_BLOCKS = YES;
				GCC_WARN_64_TO_32_BIT_CONVERSION = YES;
				GCC_WARN_ABOUT_RETURN_TYPE = YES_ERROR;
				GCC_WARN_UNDECLARED_SELECTOR = YES;
				GCC_WARN_UNINITIALIZED_AUTOS = YES_AGGRESSIVE;
				GCC_WARN_UNUSED_FUNCTION = YES;
				GCC_WARN_UNUSED_VARIABLE = YES;
				IPHONEOS_DEPLOYMENT_TARGET = 10.3;
				MTL_ENABLE_DEBUG_INFO = NO;
				SDKROOT = iphoneos;
				SWIFT_OPTIMIZATION_LEVEL = "-Owholemodule";
				VALIDATE_PRODUCT = YES;
			};
			name = Release;
		};
		304756491EEFDFE7000E891E /* Debug */ = {
			isa = XCBuildConfiguration;
			buildSettings = {
				ASSETCATALOG_COMPILER_APPICON_NAME = AppIcon;
				DEVELOPMENT_TEAM = 32ZD45GV9N;
				INFOPLIST_FILE = Project10/Info.plist;
				LD_RUNPATH_SEARCH_PATHS = "$(inherited) @executable_path/Frameworks";
				PRODUCT_BUNDLE_IDENTIFIER = es.dano.Project10;
				PRODUCT_NAME = "$(TARGET_NAME)";
				SWIFT_VERSION = 3.0;
			};
			name = Debug;
		};
		3047564A1EEFDFE7000E891E /* Release */ = {
			isa = XCBuildConfiguration;
			buildSettings = {
				ASSETCATALOG_COMPILER_APPICON_NAME = AppIcon;
				DEVELOPMENT_TEAM = 32ZD45GV9N;
				INFOPLIST_FILE = Project10/Info.plist;
				LD_RUNPATH_SEARCH_PATHS = "$(inherited) @executable_path/Frameworks";
				PRODUCT_BUNDLE_IDENTIFIER = es.dano.Project10;
				PRODUCT_NAME = "$(TARGET_NAME)";
				SWIFT_VERSION = 3.0;
			};
			name = Release;
		};
/* End XCBuildConfiguration section */

/* Begin XCConfigurationList section */
		304756311EEFDFE7000E891E /* Build configuration list for PBXProject "Project10" */ = {
			isa = XCConfigurationList;
			buildConfigurations = (
				304756461EEFDFE7000E891E /* Debug */,
				304756471EEFDFE7000E891E /* Release */,
			);
			defaultConfigurationIsVisible = 0;
			defaultConfigurationName = Release;
		};
		304756481EEFDFE7000E891E /* Build configuration list for PBXNativeTarget "Project10" */ = {
			isa = XCConfigurationList;
			buildConfigurations = (
				304756491EEFDFE7000E891E /* Debug */,
				3047564A1EEFDFE7000E891E /* Release */,
			);
			defaultConfigurationIsVisible = 0;
			defaultConfigurationName = Release;
		};
/* End XCConfigurationList section */
	};
	rootObject = 3047562E1EEFDFE7000E891E /* Project object */;
}
